
Microsoft Visual Studio Solution File, Format Version 12.00
# Visual Studio 15
Project("{FAE04EC0-301F-11D3-BF4B-00C04F79EFBC}") = "AstarPathfindingProject", "AstarPathfindingProject.csproj", "{5B9FE619-37A0-5571-F2E4-628B1F688185}"
EndProject
Project("{FAE04EC0-301F-11D3-BF4B-00C04F79EFBC}") = "Assembly-CSharp", "Assembly-CSharp.csproj", "{F39BE416-F93C-F6F4-9876-C117083A2A6C}"
EndProject
Project("{FAE04EC0-301F-11D3-BF4B-00C04F79EFBC}") = "Assembly-CSharp-firstpass", "Assembly-CSharp-firstpass.csproj", "{AEFCEA32-E7B5-675F-21FE-B74D53AAD6AB}"
EndProject
Project("{FAE04EC0-301F-11D3-BF4B-00C04F79EFBC}") = "AstarPathfindingProjectEditor", "AstarPathfindingProjectEditor.csproj", "{C49BD99F-27FE-4A03-82D0-6A498E68D926}"
EndProject
Project("{FAE04EC0-301F-11D3-BF4B-00C04F79EFBC}") = "Assembly-CSharp-Editor-firstpass", "Assembly-CSharp-Editor-firstpass.csproj", "{5684768F-0F78-8DD0-235D-64F8493278F6}"
EndProject
Project("{FAE04EC0-301F-11D3-BF4B-00C04F79EFBC}") = "PackageToolsEditor", "PackageToolsEditor.csproj", "{10BFF2E4-C694-8723-D242-777EEBCD012B}"
EndProject
Project("{FAE04EC0-301F-11D3-BF4B-00C04F79EFBC}") = "Assembly-CSharp-Editor", "Assembly-CSharp-Editor.csproj", "{85AA60FB-1E54-BB88-0F0F-ED0BD8477CDB}"
EndProject
Global
	GlobalSection(SolutionConfigurationPlatforms) = preSolution
		Debug|Any CPU = Debug|Any CPU
		Release|Any CPU = Release|Any CPU
	EndGlobalSection
	GlobalSection(ProjectConfigurationPlatforms) = postSolution
		{5B9FE619-37A0-5571-F2E4-628B1F688185}.Debug|Any CPU.ActiveCfg = Debug|Any CPU
		{5B9FE619-37A0-5571-F2E4-628B1F688185}.Debug|Any CPU.Build.0 = Debug|Any CPU
		{5B9FE619-37A0-5571-F2E4-628B1F688185}.Release|Any CPU.ActiveCfg = Release|Any CPU
		{5B9FE619-37A0-5571-F2E4-628B1F688185}.Release|Any CPU.Build.0 = Release|Any CPU
		{F39BE416-F93C-F6F4-9876-C117083A2A6C}.Debug|Any CPU.ActiveCfg = Debug|Any CPU
		{F39BE416-F93C-F6F4-9876-C117083A2A6C}.Debug|Any CPU.Build.0 = Debug|Any CPU
		{F39BE416-F93C-F6F4-9876-C117083A2A6C}.Release|Any CPU.ActiveCfg = Release|Any CPU
		{F39BE416-F93C-F6F4-9876-C117083A2A6C}.Release|Any CPU.Build.0 = Release|Any CPU
		{AEFCEA32-E7B5-675F-21FE-B74D53AAD6AB}.Debug|Any CPU.ActiveCfg = Debug|Any CPU
		{AEFCEA32-E7B5-675F-21FE-B74D53AAD6AB}.Debug|Any CPU.Build.0 = Debug|Any CPU
		{AEFCEA32-E7B5-675F-21FE-B74D53AAD6AB}.Release|Any CPU.ActiveCfg = Release|Any CPU
		{AEFCEA32-E7B5-675F-21FE-B74D53AAD6AB}.Release|Any CPU.Build.0 = Release|Any CPU
		{C49BD99F-27FE-4A03-82D0-6A498E68D926}.Debug|Any CPU.ActiveCfg = Debug|Any CPU
		{C49BD99F-27FE-4A03-82D0-6A498E68D926}.Debug|Any CPU.Build.0 = Debug|Any CPU
		{C49BD99F-27FE-4A03-82D0-6A498E68D926}.Release|Any CPU.ActiveCfg = Release|Any CPU
		{C49BD99F-27FE-4A03-82D0-6A498E68D926}.Release|Any CPU.Build.0 = Release|Any CPU
		{5684768F-0F78-8DD0-235D-64F8493278F6}.Debug|Any CPU.ActiveCfg = Debug|Any CPU
		{5684768F-0F78-8DD0-235D-64F8493278F6}.Debug|Any CPU.Build.0 = Debug|Any CPU
		{5684768F-0F78-8DD0-235D-64F8493278F6}.Release|Any CPU.ActiveCfg = Release|Any CPU
		{5684768F-0F78-8DD0-235D-64F8493278F6}.Release|Any CPU.Build.0 = Release|Any CPU
		{10BFF2E4-C694-8723-D242-777EEBCD012B}.Debug|Any CPU.ActiveCfg = Debug|Any CPU
		{10BFF2E4-C694-8723-D242-777EEBCD012B}.Debug|Any CPU.Build.0 = Debug|Any CPU
		{10BFF2E4-C694-8723-D242-777EEBCD012B}.Release|Any CPU.ActiveCfg = Release|Any CPU
		{10BFF2E4-C694-8723-D242-777EEBCD012B}.Release|Any CPU.Build.0 = Release|Any CPU
		{85AA60FB-1E54-BB88-0F0F-ED0BD8477CDB}.Debug|Any CPU.ActiveCfg = Debug|Any CPU
		{85AA60FB-1E54-BB88-0F0F-ED0BD8477CDB}.Debug|Any CPU.Build.0 = Debug|Any CPU
		{85AA60FB-1E54-BB88-0F0F-ED0BD8477CDB}.Release|Any CPU.ActiveCfg = Release|Any CPU
		{85AA60FB-1E54-BB88-0F0F-ED0BD8477CDB}.Release|Any CPU.Build.0 = Release|Any CPU
	EndGlobalSection
	GlobalSection(SolutionProperties) = preSolution
		HideSolutionNode = FALSE
	EndGlobalSection
EndGlobal
